# THIS IS AN AUTOGENERATED FILE. DO NOT EDIT THIS FILE DIRECTLY.
# yarn lockfile v1


"@types/ip@^1.1.0":
  version "1.1.0"
  resolved "https://registry.npmmirror.com/@types/ip/-/ip-1.1.0.tgz#aec4f5bfd49e4a4c53b590d88c36eb078827a7c0"
  integrity sha512-dwNe8gOoF70VdL6WJBwVHtQmAX4RMd62M+mAB9HQFjG1/qiCLM/meRy95Pd14FYBbEDwCq7jgJs89cHpLBu4HQ==
  dependencies:
    "@types/node" "*"

"@types/node@*":
  version "20.1.2"
  resolved "https://registry.npmmirror.com/@types/node/-/node-20.1.2.tgz#8fd63447e3f99aba6c3168fd2ec4580d5b97886f"
  integrity sha512-CTO/wa8x+rZU626cL2BlbCDzydgnFNgc19h4YvizpTO88MFQxab8wqisxaofQJ/9bLGugRdWIuX/TbIs6VVF6g==

ip@^1.1.5:
  version "1.1.8"
  resolved "https://registry.npmmirror.com/ip/-/ip-1.1.8.tgz#ae05948f6b075435ed3307acce04629da8cdbf48"
  integrity sha512-PuExPYUiu6qMBQb4l06ecm6T6ujzhmh+MeJcW9wa89PoAz5pvd4zPgN5WJV104mb6S2T1AwNIAaB70JNrLQWhg==
